
Microsoft Visual Studio Solution File, Format Version 12.00
# Visual Studio 2012
Project("{FAE04EC0-301F-11D3-BF4B-00C04F79EFBC}") = "ChromecastDemo.Droid", "ChromecastDemo.Droid\ChromecastDemo.Droid.csproj", "{993FEB8E-3509-4EB4-A055-3694722AAC63}"
EndProject
Global
	GlobalSection(SolutionConfigurationPlatforms) = preSolution
		Debug|Any CPU = Debug|Any CPU
		Release|Any CPU = Release|Any CPU
	EndGlobalSection
	GlobalSection(ProjectConfigurationPlatforms) = postSolution
		{993FEB8E-3509-4EB4-A055-3694722AAC63}.Debug|Any CPU.ActiveCfg = Debug|Any CPU
		{993FEB8E-3509-4EB4-A055-3694722AAC63}.Debug|Any CPU.Build.0 = Debug|Any CPU
		{993FEB8E-3509-4EB4-A055-3694722AAC63}.Release|Any CPU.ActiveCfg = Release|Any CPU
		{993FEB8E-3509-4EB4-A055-3694722AAC63}.Release|Any CPU.Build.0 = Release|Any CPU
	EndGlobalSection
	GlobalSection(MonoDevelopProperties) = preSolution
		StartupItem = ChromecastDemo.Droid\ChromecastDemo.Droid.csproj
	EndGlobalSection
EndGlobal
