
Microsoft Visual Studio Solution File, Format Version 12.00
# Visual Studio 2012
Project("{FAE04EC0-301F-11D3-BF4B-00C04F79EFBC}") = "ChromecastDemo.Droid", "ChromecastDemo.Droid\ChromecastDemo.Droid.csproj", "{993FEB8E-3509-4EB4-A055-3694722AAC63}"
EndProject
Project("{FAE04EC0-301F-11D3-BF4B-00C04F79EFBC}") = "ChromecastDemo.iOS", "ChromecastDemo.iOS\ChromecastDemo.iOS.csproj", "{F0DC4EB8-FCA4-42C3-995E-6EBFF693472A}"
EndProject
Project("{FAE04EC0-301F-11D3-BF4B-00C04F79EFBC}") = "ChromecastDemo.iOSClassic", "ChromecastDemo.iOSClassic\ChromecastDemo.iOSClassic.csproj", "{DE33F9B7-2B45-42E7-97DF-67D9DCE66647}"
EndProject
Global
	GlobalSection(SolutionConfigurationPlatforms) = preSolution
		Debug|Any CPU = Debug|Any CPU
		Release|Any CPU = Release|Any CPU
		Debug|iPhoneSimulator = Debug|iPhoneSimulator
		Release|iPhoneSimulator = Release|iPhoneSimulator
		Debug|iPhone = Debug|iPhone
		Release|iPhone = Release|iPhone
		Ad-Hoc|iPhone = Ad-Hoc|iPhone
		AppStore|iPhone = AppStore|iPhone
	EndGlobalSection
	GlobalSection(ProjectConfigurationPlatforms) = postSolution
		{993FEB8E-3509-4EB4-A055-3694722AAC63}.Ad-Hoc|iPhone.ActiveCfg = Debug|Any CPU
		{993FEB8E-3509-4EB4-A055-3694722AAC63}.Ad-Hoc|iPhone.Build.0 = Debug|Any CPU
		{993FEB8E-3509-4EB4-A055-3694722AAC63}.AppStore|iPhone.ActiveCfg = Debug|Any CPU
		{993FEB8E-3509-4EB4-A055-3694722AAC63}.AppStore|iPhone.Build.0 = Debug|Any CPU
		{993FEB8E-3509-4EB4-A055-3694722AAC63}.Debug|Any CPU.ActiveCfg = Debug|Any CPU
		{993FEB8E-3509-4EB4-A055-3694722AAC63}.Debug|Any CPU.Build.0 = Debug|Any CPU
		{993FEB8E-3509-4EB4-A055-3694722AAC63}.Debug|iPhone.ActiveCfg = Debug|Any CPU
		{993FEB8E-3509-4EB4-A055-3694722AAC63}.Debug|iPhone.Build.0 = Debug|Any CPU
		{993FEB8E-3509-4EB4-A055-3694722AAC63}.Debug|iPhoneSimulator.ActiveCfg = Debug|Any CPU
		{993FEB8E-3509-4EB4-A055-3694722AAC63}.Debug|iPhoneSimulator.Build.0 = Debug|Any CPU
		{993FEB8E-3509-4EB4-A055-3694722AAC63}.Release|Any CPU.ActiveCfg = Release|Any CPU
		{993FEB8E-3509-4EB4-A055-3694722AAC63}.Release|Any CPU.Build.0 = Release|Any CPU
		{993FEB8E-3509-4EB4-A055-3694722AAC63}.Release|iPhone.ActiveCfg = Release|Any CPU
		{993FEB8E-3509-4EB4-A055-3694722AAC63}.Release|iPhone.Build.0 = Release|Any CPU
		{993FEB8E-3509-4EB4-A055-3694722AAC63}.Release|iPhoneSimulator.ActiveCfg = Release|Any CPU
		{993FEB8E-3509-4EB4-A055-3694722AAC63}.Release|iPhoneSimulator.Build.0 = Release|Any CPU
		{DE33F9B7-2B45-42E7-97DF-67D9DCE66647}.Ad-Hoc|iPhone.ActiveCfg = Ad-Hoc|iPhone
		{DE33F9B7-2B45-42E7-97DF-67D9DCE66647}.Ad-Hoc|iPhone.Build.0 = Ad-Hoc|iPhone
		{DE33F9B7-2B45-42E7-97DF-67D9DCE66647}.AppStore|iPhone.ActiveCfg = AppStore|iPhone
		{DE33F9B7-2B45-42E7-97DF-67D9DCE66647}.AppStore|iPhone.Build.0 = AppStore|iPhone
		{DE33F9B7-2B45-42E7-97DF-67D9DCE66647}.Debug|Any CPU.ActiveCfg = Debug|iPhoneSimulator
		{DE33F9B7-2B45-42E7-97DF-67D9DCE66647}.Debug|Any CPU.Build.0 = Debug|iPhoneSimulator
		{DE33F9B7-2B45-42E7-97DF-67D9DCE66647}.Debug|iPhone.ActiveCfg = Debug|iPhone
		{DE33F9B7-2B45-42E7-97DF-67D9DCE66647}.Debug|iPhone.Build.0 = Debug|iPhone
		{DE33F9B7-2B45-42E7-97DF-67D9DCE66647}.Debug|iPhoneSimulator.ActiveCfg = Debug|iPhoneSimulator
		{DE33F9B7-2B45-42E7-97DF-67D9DCE66647}.Debug|iPhoneSimulator.Build.0 = Debug|iPhoneSimulator
		{DE33F9B7-2B45-42E7-97DF-67D9DCE66647}.Release|Any CPU.ActiveCfg = Release|iPhoneSimulator
		{DE33F9B7-2B45-42E7-97DF-67D9DCE66647}.Release|Any CPU.Build.0 = Release|iPhoneSimulator
		{DE33F9B7-2B45-42E7-97DF-67D9DCE66647}.Release|iPhone.ActiveCfg = Release|iPhone
		{DE33F9B7-2B45-42E7-97DF-67D9DCE66647}.Release|iPhone.Build.0 = Release|iPhone
		{DE33F9B7-2B45-42E7-97DF-67D9DCE66647}.Release|iPhoneSimulator.ActiveCfg = Release|iPhoneSimulator
		{DE33F9B7-2B45-42E7-97DF-67D9DCE66647}.Release|iPhoneSimulator.Build.0 = Release|iPhoneSimulator
		{F0DC4EB8-FCA4-42C3-995E-6EBFF693472A}.Ad-Hoc|iPhone.ActiveCfg = Ad-Hoc|iPhone
		{F0DC4EB8-FCA4-42C3-995E-6EBFF693472A}.Ad-Hoc|iPhone.Build.0 = Ad-Hoc|iPhone
		{F0DC4EB8-FCA4-42C3-995E-6EBFF693472A}.AppStore|iPhone.ActiveCfg = AppStore|iPhone
		{F0DC4EB8-FCA4-42C3-995E-6EBFF693472A}.AppStore|iPhone.Build.0 = AppStore|iPhone
		{F0DC4EB8-FCA4-42C3-995E-6EBFF693472A}.Debug|Any CPU.ActiveCfg = Debug|iPhoneSimulator
		{F0DC4EB8-FCA4-42C3-995E-6EBFF693472A}.Debug|Any CPU.Build.0 = Debug|iPhoneSimulator
		{F0DC4EB8-FCA4-42C3-995E-6EBFF693472A}.Debug|iPhone.ActiveCfg = Debug|iPhone
		{F0DC4EB8-FCA4-42C3-995E-6EBFF693472A}.Debug|iPhone.Build.0 = Debug|iPhone
		{F0DC4EB8-FCA4-42C3-995E-6EBFF693472A}.Debug|iPhoneSimulator.ActiveCfg = Debug|iPhoneSimulator
		{F0DC4EB8-FCA4-42C3-995E-6EBFF693472A}.Debug|iPhoneSimulator.Build.0 = Debug|iPhoneSimulator
		{F0DC4EB8-FCA4-42C3-995E-6EBFF693472A}.Release|Any CPU.ActiveCfg = Release|iPhoneSimulator
		{F0DC4EB8-FCA4-42C3-995E-6EBFF693472A}.Release|Any CPU.Build.0 = Release|iPhoneSimulator
		{F0DC4EB8-FCA4-42C3-995E-6EBFF693472A}.Release|iPhone.ActiveCfg = Release|iPhone
		{F0DC4EB8-FCA4-42C3-995E-6EBFF693472A}.Release|iPhone.Build.0 = Release|iPhone
		{F0DC4EB8-FCA4-42C3-995E-6EBFF693472A}.Release|iPhoneSimulator.ActiveCfg = Release|iPhoneSimulator
		{F0DC4EB8-FCA4-42C3-995E-6EBFF693472A}.Release|iPhoneSimulator.Build.0 = Release|iPhoneSimulator
	EndGlobalSection
	GlobalSection(MonoDevelopProperties) = preSolution
		StartupItem = ChromecastDemo.iOSClassic\ChromecastDemo.iOSClassic.csproj
	EndGlobalSection
EndGlobal
